
Microsoft Visual Studio Solution File, Format Version 12.00
Project("{FAE04EC0-301F-11D3-BF4B-00C04F79EFBC}") = "Bale.Native.Core", "Bale.Native.Core\Bale.Native.Core.csproj", "{9B9CA0A1-D099-44BE-B271-25B09D018D25}"
EndProject
Project("{FAE04EC0-301F-11D3-BF4B-00C04F79EFBC}") = "Bale", "Bale\Bale.csproj", "{8E22344B-AD61-49CF-86FF-636D09906CED}"
EndProject
Project("{2150E333-8FDC-42A3-9474-1A3956D46DE8}") = "Native Bindings", "Native Bindings", "{9DA9B61C-BE9C-4B5F-AFE6-1E58ED6B0F1A}"
EndProject
Project("{FAE04EC0-301F-11D3-BF4B-00C04F79EFBC}") = "Bale.Native.GLFW", "Bale.Native.GLFW\Bale.Native.GLFW.csproj", "{459756A9-6EC6-4AC8-88DE-8630B23140F5}"
EndProject
Project("{FAE04EC0-301F-11D3-BF4B-00C04F79EFBC}") = "Bale.Native.Vulkan", "Bale.Native.Vulkan\Bale.Native.Vulkan.csproj", "{9C428055-AE38-403F-93F2-971BD84154EA}"
EndProject
Project("{2150E333-8FDC-42A3-9474-1A3956D46DE8}") = "Graphics", "Graphics", "{A54CEF9D-EEBE-47E0-B0C5-4748772B701E}"
EndProject
Project("{FAE04EC0-301F-11D3-BF4B-00C04F79EFBC}") = "Bale.Graphics.Vulkan", "Bale.Graphics.Vulkan\Bale.Graphics.Vulkan.csproj", "{C83D26AF-51DE-447B-9A42-0D7BF6D20241}"
EndProject
Project("{2150E333-8FDC-42A3-9474-1A3956D46DE8}") = "Interop", "Interop", "{E1226BF6-6333-4AC8-875A-89393C492B98}"
EndProject
Project("{FAE04EC0-301F-11D3-BF4B-00C04F79EFBC}") = "Bale.Interop", "Bale.Interop\Bale.Interop.csproj", "{862D06AA-6AD3-436E-90DF-B65E95F4DB71}"
EndProject
Project("{FAE04EC0-301F-11D3-BF4B-00C04F79EFBC}") = "Bale.Application", "Bale.Application\Bale.Application.csproj", "{A3CE41AE-DE50-44A7-B6AC-8222F38117D4}"
EndProject
Project("{2150E333-8FDC-42A3-9474-1A3956D46DE8}") = "Application", "Application", "{69230811-8F6F-4775-85F0-E7F11D3DE2C9}"
EndProject
Project("{2150E333-8FDC-42A3-9474-1A3956D46DE8}") = "Platform", "Platform", "{6143FB83-9AD9-4FA5-BBE2-BAEAF83AF3C6}"
EndProject
Project("{FAE04EC0-301F-11D3-BF4B-00C04F79EFBC}") = "Bale.Platform.GLFW", "Bale.Platform.GLFW\Bale.Platform.GLFW.csproj", "{3ABB2C28-3A12-49D2-BA04-25F10081DE72}"
EndProject
Global
	GlobalSection(SolutionConfigurationPlatforms) = preSolution
		Debug|Any CPU = Debug|Any CPU
		Release|Any CPU = Release|Any CPU
	EndGlobalSection
	GlobalSection(ProjectConfigurationPlatforms) = postSolution
		{9B9CA0A1-D099-44BE-B271-25B09D018D25}.Debug|Any CPU.ActiveCfg = Debug|Any CPU
		{9B9CA0A1-D099-44BE-B271-25B09D018D25}.Debug|Any CPU.Build.0 = Debug|Any CPU
		{9B9CA0A1-D099-44BE-B271-25B09D018D25}.Release|Any CPU.ActiveCfg = Release|Any CPU
		{9B9CA0A1-D099-44BE-B271-25B09D018D25}.Release|Any CPU.Build.0 = Release|Any CPU
		{8E22344B-AD61-49CF-86FF-636D09906CED}.Debug|Any CPU.ActiveCfg = Debug|Any CPU
		{8E22344B-AD61-49CF-86FF-636D09906CED}.Debug|Any CPU.Build.0 = Debug|Any CPU
		{8E22344B-AD61-49CF-86FF-636D09906CED}.Release|Any CPU.ActiveCfg = Release|Any CPU
		{8E22344B-AD61-49CF-86FF-636D09906CED}.Release|Any CPU.Build.0 = Release|Any CPU
		{459756A9-6EC6-4AC8-88DE-8630B23140F5}.Debug|Any CPU.ActiveCfg = Debug|Any CPU
		{459756A9-6EC6-4AC8-88DE-8630B23140F5}.Debug|Any CPU.Build.0 = Debug|Any CPU
		{459756A9-6EC6-4AC8-88DE-8630B23140F5}.Release|Any CPU.ActiveCfg = Release|Any CPU
		{459756A9-6EC6-4AC8-88DE-8630B23140F5}.Release|Any CPU.Build.0 = Release|Any CPU
		{9C428055-AE38-403F-93F2-971BD84154EA}.Debug|Any CPU.ActiveCfg = Debug|Any CPU
		{9C428055-AE38-403F-93F2-971BD84154EA}.Debug|Any CPU.Build.0 = Debug|Any CPU
		{9C428055-AE38-403F-93F2-971BD84154EA}.Release|Any CPU.ActiveCfg = Release|Any CPU
		{9C428055-AE38-403F-93F2-971BD84154EA}.Release|Any CPU.Build.0 = Release|Any CPU
		{C83D26AF-51DE-447B-9A42-0D7BF6D20241}.Debug|Any CPU.ActiveCfg = Debug|Any CPU
		{C83D26AF-51DE-447B-9A42-0D7BF6D20241}.Debug|Any CPU.Build.0 = Debug|Any CPU
		{C83D26AF-51DE-447B-9A42-0D7BF6D20241}.Release|Any CPU.ActiveCfg = Release|Any CPU
		{C83D26AF-51DE-447B-9A42-0D7BF6D20241}.Release|Any CPU.Build.0 = Release|Any CPU
		{862D06AA-6AD3-436E-90DF-B65E95F4DB71}.Debug|Any CPU.ActiveCfg = Debug|Any CPU
		{862D06AA-6AD3-436E-90DF-B65E95F4DB71}.Debug|Any CPU.Build.0 = Debug|Any CPU
		{862D06AA-6AD3-436E-90DF-B65E95F4DB71}.Release|Any CPU.ActiveCfg = Release|Any CPU
		{862D06AA-6AD3-436E-90DF-B65E95F4DB71}.Release|Any CPU.Build.0 = Release|Any CPU
		{A3CE41AE-DE50-44A7-B6AC-8222F38117D4}.Debug|Any CPU.ActiveCfg = Debug|Any CPU
		{A3CE41AE-DE50-44A7-B6AC-8222F38117D4}.Debug|Any CPU.Build.0 = Debug|Any CPU
		{A3CE41AE-DE50-44A7-B6AC-8222F38117D4}.Release|Any CPU.ActiveCfg = Release|Any CPU
		{A3CE41AE-DE50-44A7-B6AC-8222F38117D4}.Release|Any CPU.Build.0 = Release|Any CPU
		{3ABB2C28-3A12-49D2-BA04-25F10081DE72}.Debug|Any CPU.ActiveCfg = Debug|Any CPU
		{3ABB2C28-3A12-49D2-BA04-25F10081DE72}.Debug|Any CPU.Build.0 = Debug|Any CPU
		{3ABB2C28-3A12-49D2-BA04-25F10081DE72}.Release|Any CPU.ActiveCfg = Release|Any CPU
		{3ABB2C28-3A12-49D2-BA04-25F10081DE72}.Release|Any CPU.Build.0 = Release|Any CPU
	EndGlobalSection
	GlobalSection(NestedProjects) = preSolution
		{459756A9-6EC6-4AC8-88DE-8630B23140F5} = {9DA9B61C-BE9C-4B5F-AFE6-1E58ED6B0F1A}
		{9C428055-AE38-403F-93F2-971BD84154EA} = {9DA9B61C-BE9C-4B5F-AFE6-1E58ED6B0F1A}
		{9B9CA0A1-D099-44BE-B271-25B09D018D25} = {9DA9B61C-BE9C-4B5F-AFE6-1E58ED6B0F1A}
		{C83D26AF-51DE-447B-9A42-0D7BF6D20241} = {A54CEF9D-EEBE-47E0-B0C5-4748772B701E}
		{862D06AA-6AD3-436E-90DF-B65E95F4DB71} = {E1226BF6-6333-4AC8-875A-89393C492B98}
		{A3CE41AE-DE50-44A7-B6AC-8222F38117D4} = {69230811-8F6F-4775-85F0-E7F11D3DE2C9}
		{8E22344B-AD61-49CF-86FF-636D09906CED} = {69230811-8F6F-4775-85F0-E7F11D3DE2C9}
		{3ABB2C28-3A12-49D2-BA04-25F10081DE72} = {6143FB83-9AD9-4FA5-BBE2-BAEAF83AF3C6}
	EndGlobalSection
EndGlobal
